// !$*UTF8*$!
{
	archiveVersion = 1;
	classes = {
	};
	objectVersion = 50;
	objects = {

/* Begin PBXBuildFile section */
		228B98B321EC56BD00A1D91E /* AppDelegate.m in Sources */ = {isa = PBXBuildFile; fileRef = 228B98B221EC56BD00A1D91E /* AppDelegate.m */; };
		228B98B621EC56BD00A1D91E /* ViewController.m in Sources */ = {isa = PBXBuildFile; fileRef = 228B98B521EC56BD00A1D91E /* ViewController.m */; };
		228B98B921EC56BD00A1D91E /* Main.storyboard in Resources */ = {isa = PBXBuildFile; fileRef = 228B98B721EC56BD00A1D91E /* Main.storyboard */; };
		228B98BB21EC56C000A1D91E /* Assets.xcassets in Resources */ = {isa = PBXBuildFile; fileRef = 228B98BA21EC56C000A1D91E /* Assets.xcassets */; };
		228B98BE21EC56C000A1D91E /* LaunchScreen.storyboard in Resources */ = {isa = PBXBuildFile; fileRef = 228B98BC21EC56C000A1D91E /* LaunchScreen.storyboard */; };
		228B98C121EC56C100A1D91E /* main.m in Sources */ = {isa = PBXBuildFile; fileRef = 228B98C021EC56C100A1D91E /* main.m */; };
/* End PBXBuildFile section */

/* Begin PBXFileReference section */
		228B98AE21EC56BD00A1D91E /* CocoaTest.app */ = {isa = PBXFileReference; explicitFileType = wrapper.application; includeInIndex = 0; path = CocoaTest.app; sourceTree = BUILT_PRODUCTS_DIR; };
		228B98B121EC56BD00A1D91E /* AppDelegate.h */ = {isa = PBXFileReference; lastKnownFileType = sourcecode.c.h; path = AppDelegate.h; sourceTree = "<group>"; };
		228B98B221EC56BD00A1D91E /* AppDelegate.m */ = {isa = PBXFileReference; lastKnownFileType = sourcecode.c.objc; path = AppDelegate.m; sourceTree = "<group>"; };
		228B98B421EC56BD00A1D91E /* ViewController.h */ = {isa = PBXFileReference; lastKnownFileType = sourcecode.c.h; path = ViewController.h; sourceTree = "<group>"; };
		228B98B521EC56BD00A1D91E /* ViewController.m */ = {isa = PBXFileReference; lastKnownFileType = sourcecode.c.objc; path = ViewController.m; sourceTree = "<group>"; };
		228B98B821EC56BD00A1D91E /* Base */ = {isa = PBXFileReference; lastKnownFileType = file.storyboard; name = Base; path = Base.lproj/Main.storyboard; sourceTree = "<group>"; };
		228B98BA21EC56C000A1D91E /* Assets.xcassets */ = {isa = PBXFileReference; lastKnownFileType = folder.assetcatalog; path = Assets.xcassets; sourceTree = "<group>"; };
		228B98BD21EC56C000A1D91E /* Base */ = {isa = PBXFileReference; lastKnownFileType = file.storyboard; name = Base; path = Base.lproj/LaunchScreen.storyboard; sourceTree = "<group>"; };
		228B98BF21EC56C000A1D91E /* Info.plist */ = {isa = PBXFileReference; lastKnownFileType = text.plist.xml; path = Info.plist; sourceTree = "<group>"; };
		228B98C021EC56C100A1D91E /* main.m */ = {isa = PBXFileReference; lastKnownFileType = sourcecode.c.objc; path = main.m; sourceTree = "<group>"; };
/* End PBXFileReference section */

/* Begin PBXFrameworksBuildPhase section */
		228B98AB21EC56BD00A1D91E /* Frameworks */ = {
			isa = PBXFrameworksBuildPhase;
			buildActionMask = 2147483647;
			files = (
			);
			runOnlyForDeploymentPostprocessing = 0;
		};
/* End PBXFrameworksBuildPhase section */

/* Begin PBXGroup section */
		228B98A521EC56BD00A1D91E = {
			isa = PBXGroup;
			children = (
				228B98B021EC56BD00A1D91E /* CocoaTest */,
				228B98AF21EC56BD00A1D91E /* Products */,
			);
			sourceTree = "<group>";
		};
		228B98AF21EC56BD00A1D91E /* Products */ = {
			isa = PBXGroup;
			children = (
				228B98AE21EC56BD00A1D91E /* CocoaTest.app */,
			);
			name = Products;
			sourceTree = "<group>";
		};
		228B98B021EC56BD00A1D91E /* CocoaTest */ = {
			isa = PBXGroup;
			children = (
				228B98B121EC56BD00A1D91E /* AppDelegate.h */,
				228B98B221EC56BD00A1D91E /* AppDelegate.m */,
				228B98B421EC56BD00A1D91E /* ViewController.h */,
				228B98B521EC56BD00A1D91E /* ViewController.m */,
				228B98B721EC56BD00A1D91E /* Main.storyboard */,
				228B98BA21EC56C000A1D91E /* Assets.xcassets */,
				228B98BC21EC56C000A1D91E /* LaunchScreen.storyboard */,
				228B98BF21EC56C000A1D91E /* Info.plist */,
				228B98C021EC56C100A1D91E /* main.m */,
			);
			path = CocoaTest;
			sourceTree = "<group>";
		};
/* End PBXGroup section */

/* Begin PBXNativeTarget section */
		228B98AD21EC56BD00A1D91E /* CocoaTest */ = {
			isa = PBXNativeTarget;
			buildConfigurationList = 228B98C421EC56C100A1D91E /* Build configuration list for PBXNativeTarget "CocoaTest" */;
			buildPhases = (
				228B98AA21EC56BD00A1D91E /* Sources */,
				228B98AB21EC56BD00A1D91E /* Frameworks */,
				228B98AC21EC56BD00A1D91E /* Resources */,
			);
			buildRules = (
			);
			dependencies = (
			);
			name = CocoaTest;
			productName = CocoaTest;
			productReference = 228B98AE21EC56BD00A1D91E /* CocoaTest.app */;
			productType = "com.apple.product-type.application";
		};
/* End PBXNativeTarget section */

/* Begin PBXProject section */
		228B98A621EC56BD00A1D91E /* Project object */ = {
			isa = PBXProject;
			attributes = {
				LastUpgradeCheck = 1010;
				ORGANIZATIONNAME = "极客";
				TargetAttributes = {
					228B98AD21EC56BD00A1D91E = {
						CreatedOnToolsVersion = 10.1;
					};
				};
			};
			buildConfigurationList = 228B98A921EC56BD00A1D91E /* Build configuration list for PBXProject "CocoaTest" */;
			compatibilityVersion = "Xcode 9.3";
			developmentRegion = en;
			hasScannedForEncodings = 0;
			knownRegions = (
				en,
				Base,
			);
			mainGroup = 228B98A521EC56BD00A1D91E;
			productRefGroup = 228B98AF21EC56BD00A1D91E /* Products */;
			projectDirPath = "";
			projectRoot = "";
			targets = (
				228B98AD21EC56BD00A1D91E /* CocoaTest */,
			);
		};
/* End PBXProject section */

/* Begin PBXResourcesBuildPhase section */
		228B98AC21EC56BD00A1D91E /* Resources */ = {
			isa = PBXResourcesBuildPhase;
			buildActionMask = 2147483647;
			files = (
				228B98BE21EC56C000A1D91E /* LaunchScreen.storyboard in Resources */,
				228B98BB21EC56C000A1D91E /* Assets.xcassets in Resources */,
				228B98B921EC56BD00A1D91E /* Main.storyboard in Resources */,
			);
			runOnlyForDeploymentPostprocessing = 0;
		};
/* End PBXResourcesBuildPhase section */

/* Begin PBXSourcesBuildPhase section */
		228B98AA21EC56BD00A1D91E /* Sources */ = {
			isa = PBXSourcesBuildPhase;
			buildActionMask = 2147483647;
			files = (
				228B98B621EC56BD00A1D91E /* ViewController.m in Sources */,
				228B98C121EC56C100A1D91E /* main.m in Sources */,
				228B98B321EC56BD00A1D91E /* AppDelegate.m in Sources */,
			);
			runOnlyForDeploymentPostprocessing = 0;
		};
/* End PBXSourcesBuildPhase section */

/* Begin PBXVariantGroup section */
		228B98B721EC56BD00A1D91E /* Main.storyboard */ = {
			isa = PBXVariantGroup;
			children = (
				228B98B821EC56BD00A1D91E /* Base */,
			);
			name = Main.storyboard;
			sourceTree = "<group>";
		};
		228B98BC21EC56C000A1D91E /* LaunchScreen.storyboard */ = {
			isa = PBXVariantGroup;
			children = (
				228B98BD21EC56C000A1D91E /* Base */,
			);
			name = LaunchScreen.storyboard;
			sourceTree = "<group>";
		};
/* End PBXVariantGroup section */

/* Begin XCBuildConfiguration section */
		228B98C221EC56C100A1D91E /* Debug */ = {
			isa = XCBuildConfiguration;
			buildSettings = {
				ALWAYS_SEARCH_USER_PATHS = NO;
				CLANG_ANALYZER_NONNULL = YES;
				CLANG_ANALYZER_NUMBER_OBJECT_CONVERSION = YES_AGGRESSIVE;
				CLANG_CXX_LANGUAGE_STANDARD = "gnu++14";
				CLANG_CXX_LIBRARY = "libc++";
				CLANG_ENABLE_MODULES = YES;
				CLANG_ENABLE_OBJC_ARC = YES;
				CLANG_ENABLE_OBJC_WEAK = YES;
				CLANG_WARN_BLOCK_CAPTURE_AUTORELEASING = YES;
				CLANG_WARN_BOOL_CONVERSION = YES;
				CLANG_WARN_COMMA = YES;
				CLANG_WARN_CONSTANT_CONVERSION = YES;
				CLANG_WARN_DEPRECATED_OBJC_IMPLEMENTATIONS = YES;
				CLANG_WARN_DIRECT_OBJC_ISA_USAGE = YES_ERROR;
				CLANG_WARN_DOCUMENTATION_COMMENTS = YES;
				CLANG_WARN_EMPTY_BODY = YES;
				CLANG_WARN_ENUM_CONVERSION = YES;
				CLANG_WARN_INFINITE_RECURSION = YES;
				CLANG_WARN_INT_CONVERSION = YES;
				CLANG_WARN_NON_LITERAL_NULL_CONVERSION = YES;
				CLANG_WARN_OBJC_IMPLICIT_RETAIN_SELF = YES;
				CLANG_WARN_OBJC_LITERAL_CONVERSION = YES;
				CLANG_WARN_OBJC_ROOT_CLASS = YES_ERROR;
				CLANG_WARN_RANGE_LOOP_ANALYSIS = YES;
				CLANG_WARN_STRICT_PROTOTYPES = YES;
				CLANG_WARN_SUSPICIOUS_MOVE = YES;
				CLANG_WARN_UNGUARDED_AVAILABILITY = YES_AGGRESSIVE;
				CLANG_WARN_UNREACHABLE_CODE = YES;
				CLANG_WARN__DUPLICATE_METHOD_MATCH = YES;
				CODE_SIGN_IDENTITY = "iPhone Developer";
				COPY_PHASE_STRIP = NO;
				DEBUG_INFORMATION_FORMAT = dwarf;
				ENABLE_STRICT_OBJC_MSGSEND = YES;
				ENABLE_TESTABILITY = YES;
				GCC_C_LANGUAGE_STANDARD = gnu11;
				GCC_DYNAMIC_NO_PIC = NO;
				GCC_NO_COMMON_BLOCKS = YES;
				GCC_OPTIMIZATION_LEVEL = 0;
				GCC_PREPROCESSOR_DEFINITIONS = (
					"DEBUG=1",
					"$(inherited)",
				);
				GCC_WARN_64_TO_32_BIT_CONVERSION = YES;
				GCC_WARN_ABOUT_RETURN_TYPE = YES_ERROR;
				GCC_WARN_UNDECLARED_SELECTOR = YES;
				GCC_WARN_UNINITIALIZED_AUTOS = YES_AGGRESSIVE;
				GCC_WARN_UNUSED_FUNCTION = YES;
				GCC_WARN_UNUSED_VARIABLE = YES;
				IPHONEOS_DEPLOYMENT_TARGET = 12.1;
				MTL_ENABLE_DEBUG_INFO = INCLUDE_SOURCE;
				MTL_FAST_MATH = YES;
				ONLY_ACTIVE_ARCH = YES;
				SDKROOT = iphoneos;
			};
			name = Debug;
		};
		228B98C321EC56C100A1D91E /* Release */ = {
			isa = XCBuildConfiguration;
			buildSettings = {
				ALWAYS_SEARCH_USER_PATHS = NO;
				CLANG_ANALYZER_NONNULL = YES;
				CLANG_ANALYZER_NUMBER_OBJECT_CONVERSION = YES_AGGRESSIVE;
				CLANG_CXX_LANGUAGE_STANDARD = "gnu++14";
				CLANG_CXX_LIBRARY = "libc++";
				CLANG_ENABLE_MODULES = YES;
				CLANG_ENABLE_OBJC_ARC = YES;
				CLANG_ENABLE_OBJC_WEAK = YES;
				CLANG_WARN_BLOCK_CAPTURE_AUTORELEASING = YES;
				CLANG_WARN_BOOL_CONVERSION = YES;
				CLANG_WARN_COMMA = YES;
				CLANG_WARN_CONSTANT_CONVERSION = YES;
				CLANG_WARN_DEPRECATED_OBJC_IMPLEMENTATIONS = YES;
				CLANG_WARN_DIRECT_OBJC_ISA_USAGE = YES_ERROR;
				CLANG_WARN_DOCUMENTATION_COMMENTS = YES;
				CLANG_WARN_EMPTY_BODY = YES;
				CLANG_WARN_ENUM_CONVERSION = YES;
				CLANG_WARN_INFINITE_RECURSION = YES;
				CLANG_WARN_INT_CONVERSION = YES;
				CLANG_WARN_NON_LITERAL_NULL_CONVERSION = YES;
				CLANG_WARN_OBJC_IMPLICIT_RETAIN_SELF = YES;
				CLANG_WARN_OBJC_LITERAL_CONVERSION = YES;
				CLANG_WARN_OBJC_ROOT_CLASS = YES_ERROR;
				CLANG_WARN_RANGE_LOOP_ANALYSIS = YES;
				CLANG_WARN_STRICT_PROTOTYPES = YES;
				CLANG_WARN_SUSPICIOUS_MOVE = YES;
				CLANG_WARN_UNGUARDED_AVAILABILITY = YES_AGGRESSIVE;
				CLANG_WARN_UNREACHABLE_CODE = YES;
				CLANG_WARN__DUPLICATE_METHOD_MATCH = YES;
				CODE_SIGN_IDENTITY = "iPhone Developer";
				COPY_PHASE_STRIP = NO;
				DEBUG_INFORMATION_FORMAT = "dwarf-with-dsym";
				ENABLE_NS_ASSERTIONS = NO;
				ENABLE_STRICT_OBJC_MSGSEND = YES;
				GCC_C_LANGUAGE_STANDARD = gnu11;
				GCC_NO_COMMON_BLOCKS = YES;
				GCC_WARN_64_TO_32_BIT_CONVERSION = YES;
				GCC_WARN_ABOUT_RETURN_TYPE = YES_ERROR;
				GCC_WARN_UNDECLARED_SELECTOR = YES;
				GCC_WARN_UNINITIALIZED_AUTOS = YES_AGGRESSIVE;
				GCC_WARN_UNUSED_FUNCTION = YES;
				GCC_WARN_UNUSED_VARIABLE = YES;
				IPHONEOS_DEPLOYMENT_TARGET = 12.1;
				MTL_ENABLE_DEBUG_INFO = NO;
				MTL_FAST_MATH = YES;
				SDKROOT = iphoneos;
				VALIDATE_PRODUCT = YES;
			};
			name = Release;
		};
		228B98C521EC56C100A1D91E /* Debug */ = {
			isa = XCBuildConfiguration;
			buildSettings = {
				ASSETCATALOG_COMPILER_APPICON_NAME = AppIcon;
				CODE_SIGN_STYLE = Automatic;
				DEVELOPMENT_TEAM = 384L99XY42;
				INFOPLIST_FILE = CocoaTest/Info.plist;
				LD_RUNPATH_SEARCH_PATHS = (
					"$(inherited)",
					"@executable_path/Frameworks",
				);
				PRODUCT_BUNDLE_IDENTIFIER = com.unopenBox.CocoaTest;
				PRODUCT_NAME = "$(TARGET_NAME)";
				TARGETED_DEVICE_FAMILY = "1,2";
			};
			name = Debug;
		};
		228B98C621EC56C100A1D91E /* Release */ = {
			isa = XCBuildConfiguration;
			buildSettings = {
				ASSETCATALOG_COMPILER_APPICON_NAME = AppIcon;
				CODE_SIGN_STYLE = Automatic;
				DEVELOPMENT_TEAM = 384L99XY42;
				INFOPLIST_FILE = CocoaTest/Info.plist;
				LD_RUNPATH_SEARCH_PATHS = (
					"$(inherited)",
					"@executable_path/Frameworks",
				);
				PRODUCT_BUNDLE_IDENTIFIER = com.unopenBox.CocoaTest;
				PRODUCT_NAME = "$(TARGET_NAME)";
				TARGETED_DEVICE_FAMILY = "1,2";
			};
			name = Release;
		};
/* End XCBuildConfiguration section */

/* Begin XCConfigurationList section */
		228B98A921EC56BD00A1D91E /* Build configuration list for PBXProject "CocoaTest" */ = {
			isa = XCConfigurationList;
			buildConfigurations = (
				228B98C221EC56C100A1D91E /* Debug */,
				228B98C321EC56C100A1D91E /* Release */,
			);
			defaultConfigurationIsVisible = 0;
			defaultConfigurationName = Release;
		};
		228B98C421EC56C100A1D91E /* Build configuration list for PBXNativeTarget "CocoaTest" */ = {
			isa = XCConfigurationList;
			buildConfigurations = (
				228B98C521EC56C100A1D91E /* Debug */,
				228B98C621EC56C100A1D91E /* Release */,
			);
			defaultConfigurationIsVisible = 0;
			defaultConfigurationName = Release;
		};
/* End XCConfigurationList section */
	};
	rootObject = 228B98A621EC56BD00A1D91E /* Project object */;
}
